
Microsoft Visual Studio Solution File, Format Version 12.00
# Visual Studio 15
VisualStudioVersion = 15.0.27130.2024
MinimumVisualStudioVersion = 10.0.40219.1
Project("{9A19103F-16F7-4668-BE54-9A1E7A4F7556}") = "PersonalLedger", "PersonalLedger\PersonalLedger.csproj", "{46CF3E2A-1D14-4868-B99A-36006BDD5183}"
EndProject
Project("{FAE04EC0-301F-11D3-BF4B-00C04F79EFBC}") = "PersonalLedgerTests", "PersonalLedgerTests\PersonalLedgerTests.csproj", "{16F700B5-5363-4967-B6AE-DE7E8857473A}"
EndProject
Global
	GlobalSection(SolutionConfigurationPlatforms) = preSolution
		Debug|Any CPU = Debug|Any CPU
		Release|Any CPU = Release|Any CPU
	EndGlobalSection
	GlobalSection(ProjectConfigurationPlatforms) = postSolution
		{46CF3E2A-1D14-4868-B99A-36006BDD5183}.Debug|Any CPU.ActiveCfg = Debug|Any CPU
		{46CF3E2A-1D14-4868-B99A-36006BDD5183}.Debug|Any CPU.Build.0 = Debug|Any CPU
		{46CF3E2A-1D14-4868-B99A-36006BDD5183}.Release|Any CPU.ActiveCfg = Release|Any CPU
		{46CF3E2A-1D14-4868-B99A-36006BDD5183}.Release|Any CPU.Build.0 = Release|Any CPU
		{16F700B5-5363-4967-B6AE-DE7E8857473A}.Debug|Any CPU.ActiveCfg = Debug|Any CPU
		{16F700B5-5363-4967-B6AE-DE7E8857473A}.Debug|Any CPU.Build.0 = Debug|Any CPU
		{16F700B5-5363-4967-B6AE-DE7E8857473A}.Release|Any CPU.ActiveCfg = Release|Any CPU
		{16F700B5-5363-4967-B6AE-DE7E8857473A}.Release|Any CPU.Build.0 = Release|Any CPU
	EndGlobalSection
	GlobalSection(SolutionProperties) = preSolution
		HideSolutionNode = FALSE
	EndGlobalSection
	GlobalSection(ExtensibilityGlobals) = postSolution
		SolutionGuid = {0531A7D9-F0F5-4CEF-91B4-147731CB47BD}
	EndGlobalSection
EndGlobal
